// !$*UTF8*$!
{
	archiveVersion = 1;
	classes = {
	};
	objectVersion = 50;
	objects = {

/* Begin PBXBuildFile section */
		735A51EA211439C6006368AB /* AppDelegate.m in Sources */ = {isa = PBXBuildFile; fileRef = 735A51E9211439C6006368AB /* AppDelegate.m */; };
		735A51ED211439C6006368AB /* ViewController.m in Sources */ = {isa = PBXBuildFile; fileRef = 735A51EC211439C6006368AB /* ViewController.m */; };
		735A51F0211439C6006368AB /* Main.storyboard in Resources */ = {isa = PBXBuildFile; fileRef = 735A51EE211439C6006368AB /* Main.storyboard */; };
		735A51F2211439CA006368AB /* Assets.xcassets in Resources */ = {isa = PBXBuildFile; fileRef = 735A51F1211439CA006368AB /* Assets.xcassets */; };
		735A51F5211439CA006368AB /* LaunchScreen.storyboard in Resources */ = {isa = PBXBuildFile; fileRef = 735A51F3211439CA006368AB /* LaunchScreen.storyboard */; };
		735A51F8211439CA006368AB /* main.m in Sources */ = {isa = PBXBuildFile; fileRef = 735A51F7211439CA006368AB /* main.m */; };
		735A5202211439CA006368AB /* PKPlazaTests.m in Sources */ = {isa = PBXBuildFile; fileRef = 735A5201211439CA006368AB /* PKPlazaTests.m */; };
		735A520D211439CA006368AB /* PKPlazaUITests.m in Sources */ = {isa = PBXBuildFile; fileRef = 735A520C211439CA006368AB /* PKPlazaUITests.m */; };
/* End PBXBuildFile section */

/* Begin PBXContainerItemProxy section */
		735A51FE211439CA006368AB /* PBXContainerItemProxy */ = {
			isa = PBXContainerItemProxy;
			containerPortal = 735A51DD211439C6006368AB /* Project object */;
			proxyType = 1;
			remoteGlobalIDString = 735A51E4211439C6006368AB;
			remoteInfo = PKPlaza;
		};
		735A5209211439CA006368AB /* PBXContainerItemProxy */ = {
			isa = PBXContainerItemProxy;
			containerPortal = 735A51DD211439C6006368AB /* Project object */;
			proxyType = 1;
			remoteGlobalIDString = 735A51E4211439C6006368AB;
			remoteInfo = PKPlaza;
		};
/* End PBXContainerItemProxy section */

/* Begin PBXFileReference section */
		735A51E5211439C6006368AB /* PKPlaza.app */ = {isa = PBXFileReference; explicitFileType = wrapper.application; includeInIndex = 0; path = PKPlaza.app; sourceTree = BUILT_PRODUCTS_DIR; };
		735A51E8211439C6006368AB /* AppDelegate.h */ = {isa = PBXFileReference; lastKnownFileType = sourcecode.c.h; path = AppDelegate.h; sourceTree = "<group>"; };
		735A51E9211439C6006368AB /* AppDelegate.m */ = {isa = PBXFileReference; lastKnownFileType = sourcecode.c.objc; path = AppDelegate.m; sourceTree = "<group>"; };
		735A51EB211439C6006368AB /* ViewController.h */ = {isa = PBXFileReference; lastKnownFileType = sourcecode.c.h; path = ViewController.h; sourceTree = "<group>"; };
		735A51EC211439C6006368AB /* ViewController.m */ = {isa = PBXFileReference; lastKnownFileType = sourcecode.c.objc; path = ViewController.m; sourceTree = "<group>"; };
		735A51EF211439C6006368AB /* Base */ = {isa = PBXFileReference; lastKnownFileType = file.storyboard; name = Base; path = Base.lproj/Main.storyboard; sourceTree = "<group>"; };
		735A51F1211439CA006368AB /* Assets.xcassets */ = {isa = PBXFileReference; lastKnownFileType = folder.assetcatalog; path = Assets.xcassets; sourceTree = "<group>"; };
		735A51F4211439CA006368AB /* Base */ = {isa = PBXFileReference; lastKnownFileType = file.storyboard; name = Base; path = Base.lproj/LaunchScreen.storyboard; sourceTree = "<group>"; };
		735A51F6211439CA006368AB /* Info.plist */ = {isa = PBXFileReference; lastKnownFileType = text.plist.xml; path = Info.plist; sourceTree = "<group>"; };
		735A51F7211439CA006368AB /* main.m */ = {isa = PBXFileReference; lastKnownFileType = sourcecode.c.objc; path = main.m; sourceTree = "<group>"; };
		735A51FD211439CA006368AB /* PKPlazaTests.xctest */ = {isa = PBXFileReference; explicitFileType = wrapper.cfbundle; includeInIndex = 0; path = PKPlazaTests.xctest; sourceTree = BUILT_PRODUCTS_DIR; };
		735A5201211439CA006368AB /* PKPlazaTests.m */ = {isa = PBXFileReference; lastKnownFileType = sourcecode.c.objc; path = PKPlazaTests.m; sourceTree = "<group>"; };
		735A5203211439CA006368AB /* Info.plist */ = {isa = PBXFileReference; lastKnownFileType = text.plist.xml; path = Info.plist; sourceTree = "<group>"; };
		735A5208211439CA006368AB /* PKPlazaUITests.xctest */ = {isa = PBXFileReference; explicitFileType = wrapper.cfbundle; includeInIndex = 0; path = PKPlazaUITests.xctest; sourceTree = BUILT_PRODUCTS_DIR; };
		735A520C211439CA006368AB /* PKPlazaUITests.m */ = {isa = PBXFileReference; lastKnownFileType = sourcecode.c.objc; path = PKPlazaUITests.m; sourceTree = "<group>"; };
		735A520E211439CA006368AB /* Info.plist */ = {isa = PBXFileReference; lastKnownFileType = text.plist.xml; path = Info.plist; sourceTree = "<group>"; };
/* End PBXFileReference section */

/* Begin PBXFrameworksBuildPhase section */
		735A51E2211439C6006368AB /* Frameworks */ = {
			isa = PBXFrameworksBuildPhase;
			buildActionMask = 2147483647;
			files = (
			);
			runOnlyForDeploymentPostprocessing = 0;
		};
		735A51FA211439CA006368AB /* Frameworks */ = {
			isa = PBXFrameworksBuildPhase;
			buildActionMask = 2147483647;
			files = (
			);
			runOnlyForDeploymentPostprocessing = 0;
		};
		735A5205211439CA006368AB /* Frameworks */ = {
			isa = PBXFrameworksBuildPhase;
			buildActionMask = 2147483647;
			files = (
			);
			runOnlyForDeploymentPostprocessing = 0;
		};
/* End PBXFrameworksBuildPhase section */

/* Begin PBXGroup section */
		735A51DC211439C6006368AB = {
			isa = PBXGroup;
			children = (
				735A51E7211439C6006368AB /* PKPlaza */,
				735A5200211439CA006368AB /* PKPlazaTests */,
				735A520B211439CA006368AB /* PKPlazaUITests */,
				735A51E6211439C6006368AB /* Products */,
			);
			sourceTree = "<group>";
		};
		735A51E6211439C6006368AB /* Products */ = {
			isa = PBXGroup;
			children = (
				735A51E5211439C6006368AB /* PKPlaza.app */,
				735A51FD211439CA006368AB /* PKPlazaTests.xctest */,
				735A5208211439CA006368AB /* PKPlazaUITests.xctest */,
			);
			name = Products;
			sourceTree = "<group>";
		};
		735A51E7211439C6006368AB /* PKPlaza */ = {
			isa = PBXGroup;
			children = (
				735A51E8211439C6006368AB /* AppDelegate.h */,
				735A51E9211439C6006368AB /* AppDelegate.m */,
				735A51EB211439C6006368AB /* ViewController.h */,
				735A51EC211439C6006368AB /* ViewController.m */,
				735A51EE211439C6006368AB /* Main.storyboard */,
				735A51F1211439CA006368AB /* Assets.xcassets */,
				735A51F3211439CA006368AB /* LaunchScreen.storyboard */,
				735A51F6211439CA006368AB /* Info.plist */,
				735A51F7211439CA006368AB /* main.m */,
			);
			path = PKPlaza;
			sourceTree = "<group>";
		};
		735A5200211439CA006368AB /* PKPlazaTests */ = {
			isa = PBXGroup;
			children = (
				735A5201211439CA006368AB /* PKPlazaTests.m */,
				735A5203211439CA006368AB /* Info.plist */,
			);
			path = PKPlazaTests;
			sourceTree = "<group>";
		};
		735A520B211439CA006368AB /* PKPlazaUITests */ = {
			isa = PBXGroup;
			children = (
				735A520C211439CA006368AB /* PKPlazaUITests.m */,
				735A520E211439CA006368AB /* Info.plist */,
			);
			path = PKPlazaUITests;
			sourceTree = "<group>";
		};
/* End PBXGroup section */

/* Begin PBXNativeTarget section */
		735A51E4211439C6006368AB /* PKPlaza */ = {
			isa = PBXNativeTarget;
			buildConfigurationList = 735A5211211439CA006368AB /* Build configuration list for PBXNativeTarget "PKPlaza" */;
			buildPhases = (
				735A51E1211439C6006368AB /* Sources */,
				735A51E2211439C6006368AB /* Frameworks */,
				735A51E3211439C6006368AB /* Resources */,
			);
			buildRules = (
			);
			dependencies = (
			);
			name = PKPlaza;
			productName = PKPlaza;
			productReference = 735A51E5211439C6006368AB /* PKPlaza.app */;
			productType = "com.apple.product-type.application";
		};
		735A51FC211439CA006368AB /* PKPlazaTests */ = {
			isa = PBXNativeTarget;
			buildConfigurationList = 735A5214211439CA006368AB /* Build configuration list for PBXNativeTarget "PKPlazaTests" */;
			buildPhases = (
				735A51F9211439CA006368AB /* Sources */,
				735A51FA211439CA006368AB /* Frameworks */,
				735A51FB211439CA006368AB /* Resources */,
			);
			buildRules = (
			);
			dependencies = (
				735A51FF211439CA006368AB /* PBXTargetDependency */,
			);
			name = PKPlazaTests;
			productName = PKPlazaTests;
			productReference = 735A51FD211439CA006368AB /* PKPlazaTests.xctest */;
			productType = "com.apple.product-type.bundle.unit-test";
		};
		735A5207211439CA006368AB /* PKPlazaUITests */ = {
			isa = PBXNativeTarget;
			buildConfigurationList = 735A5217211439CA006368AB /* Build configuration list for PBXNativeTarget "PKPlazaUITests" */;
			buildPhases = (
				735A5204211439CA006368AB /* Sources */,
				735A5205211439CA006368AB /* Frameworks */,
				735A5206211439CA006368AB /* Resources */,
			);
			buildRules = (
			);
			dependencies = (
				735A520A211439CA006368AB /* PBXTargetDependency */,
			);
			name = PKPlazaUITests;
			productName = PKPlazaUITests;
			productReference = 735A5208211439CA006368AB /* PKPlazaUITests.xctest */;
			productType = "com.apple.product-type.bundle.ui-testing";
		};
/* End PBXNativeTarget section */

/* Begin PBXProject section */
		735A51DD211439C6006368AB /* Project object */ = {
			isa = PBXProject;
			attributes = {
				LastUpgradeCheck = 1000;
				ORGANIZATIONNAME = "Yuan Ana";
				TargetAttributes = {
					735A51E4211439C6006368AB = {
						CreatedOnToolsVersion = 10.0;
					};
					735A51FC211439CA006368AB = {
						CreatedOnToolsVersion = 10.0;
						TestTargetID = 735A51E4211439C6006368AB;
					};
					735A5207211439CA006368AB = {
						CreatedOnToolsVersion = 10.0;
						TestTargetID = 735A51E4211439C6006368AB;
					};
				};
			};
			buildConfigurationList = 735A51E0211439C6006368AB /* Build configuration list for PBXProject "PKPlaza" */;
			compatibilityVersion = "Xcode 9.3";
			developmentRegion = en;
			hasScannedForEncodings = 0;
			knownRegions = (
				en,
				Base,
			);
			mainGroup = 735A51DC211439C6006368AB;
			productRefGroup = 735A51E6211439C6006368AB /* Products */;
			projectDirPath = "";
			projectRoot = "";
			targets = (
				735A51E4211439C6006368AB /* PKPlaza */,
				735A51FC211439CA006368AB /* PKPlazaTests */,
				735A5207211439CA006368AB /* PKPlazaUITests */,
			);
		};
/* End PBXProject section */

/* Begin PBXResourcesBuildPhase section */
		735A51E3211439C6006368AB /* Resources */ = {
			isa = PBXResourcesBuildPhase;
			buildActionMask = 2147483647;
			files = (
				735A51F5211439CA006368AB /* LaunchScreen.storyboard in Resources */,
				735A51F2211439CA006368AB /* Assets.xcassets in Resources */,
				735A51F0211439C6006368AB /* Main.storyboard in Resources */,
			);
			runOnlyForDeploymentPostprocessing = 0;
		};
		735A51FB211439CA006368AB /* Resources */ = {
			isa = PBXResourcesBuildPhase;
			buildActionMask = 2147483647;
			files = (
			);
			runOnlyForDeploymentPostprocessing = 0;
		};
		735A5206211439CA006368AB /* Resources */ = {
			isa = PBXResourcesBuildPhase;
			buildActionMask = 2147483647;
			files = (
			);
			runOnlyForDeploymentPostprocessing = 0;
		};
/* End PBXResourcesBuildPhase section */

/* Begin PBXSourcesBuildPhase section */
		735A51E1211439C6006368AB /* Sources */ = {
			isa = PBXSourcesBuildPhase;
			buildActionMask = 2147483647;
			files = (
				735A51ED211439C6006368AB /* ViewController.m in Sources */,
				735A51F8211439CA006368AB /* main.m in Sources */,
				735A51EA211439C6006368AB /* AppDelegate.m in Sources */,
			);
			runOnlyForDeploymentPostprocessing = 0;
		};
		735A51F9211439CA006368AB /* Sources */ = {
			isa = PBXSourcesBuildPhase;
			buildActionMask = 2147483647;
			files = (
				735A5202211439CA006368AB /* PKPlazaTests.m in Sources */,
			);
			runOnlyForDeploymentPostprocessing = 0;
		};
		735A5204211439CA006368AB /* Sources */ = {
			isa = PBXSourcesBuildPhase;
			buildActionMask = 2147483647;
			files = (
				735A520D211439CA006368AB /* PKPlazaUITests.m in Sources */,
			);
			runOnlyForDeploymentPostprocessing = 0;
		};
/* End PBXSourcesBuildPhase section */

/* Begin PBXTargetDependency section */
		735A51FF211439CA006368AB /* PBXTargetDependency */ = {
			isa = PBXTargetDependency;
			target = 735A51E4211439C6006368AB /* PKPlaza */;
			targetProxy = 735A51FE211439CA006368AB /* PBXContainerItemProxy */;
		};
		735A520A211439CA006368AB /* PBXTargetDependency */ = {
			isa = PBXTargetDependency;
			target = 735A51E4211439C6006368AB /* PKPlaza */;
			targetProxy = 735A5209211439CA006368AB /* PBXContainerItemProxy */;
		};
/* End PBXTargetDependency section */

/* Begin PBXVariantGroup section */
		735A51EE211439C6006368AB /* Main.storyboard */ = {
			isa = PBXVariantGroup;
			children = (
				735A51EF211439C6006368AB /* Base */,
			);
			name = Main.storyboard;
			sourceTree = "<group>";
		};
		735A51F3211439CA006368AB /* LaunchScreen.storyboard */ = {
			isa = PBXVariantGroup;
			children = (
				735A51F4211439CA006368AB /* Base */,
			);
			name = LaunchScreen.storyboard;
			sourceTree = "<group>";
		};
/* End PBXVariantGroup section */

/* Begin XCBuildConfiguration section */
		735A520F211439CA006368AB /* Debug */ = {
			isa = XCBuildConfiguration;
			buildSettings = {
				ALWAYS_SEARCH_USER_PATHS = NO;
				CLANG_ANALYZER_NONNULL = YES;
				CLANG_ANALYZER_NUMBER_OBJECT_CONVERSION = YES_AGGRESSIVE;
				CLANG_CXX_LANGUAGE_STANDARD = "gnu++14";
				CLANG_CXX_LIBRARY = "libc++";
				CLANG_ENABLE_MODULES = YES;
				CLANG_ENABLE_OBJC_ARC = YES;
				CLANG_ENABLE_OBJC_WEAK = YES;
				CLANG_WARN_BLOCK_CAPTURE_AUTORELEASING = YES;
				CLANG_WARN_BOOL_CONVERSION = YES;
				CLANG_WARN_COMMA = YES;
				CLANG_WARN_CONSTANT_CONVERSION = YES;
				CLANG_WARN_DEPRECATED_OBJC_IMPLEMENTATIONS = YES;
				CLANG_WARN_DIRECT_OBJC_ISA_USAGE = YES_ERROR;
				CLANG_WARN_DOCUMENTATION_COMMENTS = YES;
				CLANG_WARN_EMPTY_BODY = YES;
				CLANG_WARN_ENUM_CONVERSION = YES;
				CLANG_WARN_INFINITE_RECURSION = YES;
				CLANG_WARN_INT_CONVERSION = YES;
				CLANG_WARN_NON_LITERAL_NULL_CONVERSION = YES;
				CLANG_WARN_OBJC_IMPLICIT_RETAIN_SELF = YES;
				CLANG_WARN_OBJC_LITERAL_CONVERSION = YES;
				CLANG_WARN_OBJC_ROOT_CLASS = YES_ERROR;
				CLANG_WARN_RANGE_LOOP_ANALYSIS = YES;
				CLANG_WARN_STRICT_PROTOTYPES = YES;
				CLANG_WARN_SUSPICIOUS_MOVE = YES;
				CLANG_WARN_UNGUARDED_AVAILABILITY = YES_AGGRESSIVE;
				CLANG_WARN_UNREACHABLE_CODE = YES;
				CLANG_WARN__DUPLICATE_METHOD_MATCH = YES;
				CODE_SIGN_IDENTITY = "iPhone Developer";
				COPY_PHASE_STRIP = NO;
				DEBUG_INFORMATION_FORMAT = dwarf;
				ENABLE_STRICT_OBJC_MSGSEND = YES;
				ENABLE_TESTABILITY = YES;
				GCC_C_LANGUAGE_STANDARD = gnu11;
				GCC_DYNAMIC_NO_PIC = NO;
				GCC_NO_COMMON_BLOCKS = YES;
				GCC_OPTIMIZATION_LEVEL = 0;
				GCC_PREPROCESSOR_DEFINITIONS = (
					"DEBUG=1",
					"$(inherited)",
				);
				GCC_WARN_64_TO_32_BIT_CONVERSION = YES;
				GCC_WARN_ABOUT_RETURN_TYPE = YES_ERROR;
				GCC_WARN_UNDECLARED_SELECTOR = YES;
				GCC_WARN_UNINITIALIZED_AUTOS = YES_AGGRESSIVE;
				GCC_WARN_UNUSED_FUNCTION = YES;
				GCC_WARN_UNUSED_VARIABLE = YES;
				IPHONEOS_DEPLOYMENT_TARGET = 12.0;
				MTL_ENABLE_DEBUG_INFO = INCLUDE_SOURCE;
				ONLY_ACTIVE_ARCH = YES;
				SDKROOT = iphoneos;
			};
			name = Debug;
		};
		735A5210211439CA006368AB /* Release */ = {
			isa = XCBuildConfiguration;
			buildSettings = {
				ALWAYS_SEARCH_USER_PATHS = NO;
				CLANG_ANALYZER_NONNULL = YES;
				CLANG_ANALYZER_NUMBER_OBJECT_CONVERSION = YES_AGGRESSIVE;
				CLANG_CXX_LANGUAGE_STANDARD = "gnu++14";
				CLANG_CXX_LIBRARY = "libc++";
				CLANG_ENABLE_MODULES = YES;
				CLANG_ENABLE_OBJC_ARC = YES;
				CLANG_ENABLE_OBJC_WEAK = YES;
				CLANG_WARN_BLOCK_CAPTURE_AUTORELEASING = YES;
				CLANG_WARN_BOOL_CONVERSION = YES;
				CLANG_WARN_COMMA = YES;
				CLANG_WARN_CONSTANT_CONVERSION = YES;
				CLANG_WARN_DEPRECATED_OBJC_IMPLEMENTATIONS = YES;
				CLANG_WARN_DIRECT_OBJC_ISA_USAGE = YES_ERROR;
				CLANG_WARN_DOCUMENTATION_COMMENTS = YES;
				CLANG_WARN_EMPTY_BODY = YES;
				CLANG_WARN_ENUM_CONVERSION = YES;
				CLANG_WARN_INFINITE_RECURSION = YES;
				CLANG_WARN_INT_CONVERSION = YES;
				CLANG_WARN_NON_LITERAL_NULL_CONVERSION = YES;
				CLANG_WARN_OBJC_IMPLICIT_RETAIN_SELF = YES;
				CLANG_WARN_OBJC_LITERAL_CONVERSION = YES;
				CLANG_WARN_OBJC_ROOT_CLASS = YES_ERROR;
				CLANG_WARN_RANGE_LOOP_ANALYSIS = YES;
				CLANG_WARN_STRICT_PROTOTYPES = YES;
				CLANG_WARN_SUSPICIOUS_MOVE = YES;
				CLANG_WARN_UNGUARDED_AVAILABILITY = YES_AGGRESSIVE;
				CLANG_WARN_UNREACHABLE_CODE = YES;
				CLANG_WARN__DUPLICATE_METHOD_MATCH = YES;
				CODE_SIGN_IDENTITY = "iPhone Developer";
				COPY_PHASE_STRIP = NO;
				DEBUG_INFORMATION_FORMAT = "dwarf-with-dsym";
				ENABLE_NS_ASSERTIONS = NO;
				ENABLE_STRICT_OBJC_MSGSEND = YES;
				GCC_C_LANGUAGE_STANDARD = gnu11;
				GCC_NO_COMMON_BLOCKS = YES;
				GCC_WARN_64_TO_32_BIT_CONVERSION = YES;
				GCC_WARN_ABOUT_RETURN_TYPE = YES_ERROR;
				GCC_WARN_UNDECLARED_SELECTOR = YES;
				GCC_WARN_UNINITIALIZED_AUTOS = YES_AGGRESSIVE;
				GCC_WARN_UNUSED_FUNCTION = YES;
				GCC_WARN_UNUSED_VARIABLE = YES;
				IPHONEOS_DEPLOYMENT_TARGET = 12.0;
				MTL_ENABLE_DEBUG_INFO = NO;
				SDKROOT = iphoneos;
				VALIDATE_PRODUCT = YES;
			};
			name = Release;
		};
		735A5212211439CA006368AB /* Debug */ = {
			isa = XCBuildConfiguration;
			buildSettings = {
				ASSETCATALOG_COMPILER_APPICON_NAME = AppIcon;
				CODE_SIGN_STYLE = Automatic;
				INFOPLIST_FILE = PKPlaza/Info.plist;
				LD_RUNPATH_SEARCH_PATHS = (
					"$(inherited)",
					"@executable_path/Frameworks",
				);
				PRODUCT_BUNDLE_IDENTIFIER = "-.PKPlaza";
				PRODUCT_NAME = "$(TARGET_NAME)";
				TARGETED_DEVICE_FAMILY = "1,2";
			};
			name = Debug;
		};
		735A5213211439CA006368AB /* Release */ = {
			isa = XCBuildConfiguration;
			buildSettings = {
				ASSETCATALOG_COMPILER_APPICON_NAME = AppIcon;
				CODE_SIGN_STYLE = Automatic;
				INFOPLIST_FILE = PKPlaza/Info.plist;
				LD_RUNPATH_SEARCH_PATHS = (
					"$(inherited)",
					"@executable_path/Frameworks",
				);
				PRODUCT_BUNDLE_IDENTIFIER = "-.PKPlaza";
				PRODUCT_NAME = "$(TARGET_NAME)";
				TARGETED_DEVICE_FAMILY = "1,2";
			};
			name = Release;
		};
		735A5215211439CA006368AB /* Debug */ = {
			isa = XCBuildConfiguration;
			buildSettings = {
				BUNDLE_LOADER = "$(TEST_HOST)";
				CODE_SIGN_STYLE = Automatic;
				INFOPLIST_FILE = PKPlazaTests/Info.plist;
				LD_RUNPATH_SEARCH_PATHS = (
					"$(inherited)",
					"@executable_path/Frameworks",
					"@loader_path/Frameworks",
				);
				PRODUCT_BUNDLE_IDENTIFIER = "-.PKPlazaTests";
				PRODUCT_NAME = "$(TARGET_NAME)";
				TARGETED_DEVICE_FAMILY = "1,2";
				TEST_HOST = "$(BUILT_PRODUCTS_DIR)/PKPlaza.app/PKPlaza";
			};
			name = Debug;
		};
		735A5216211439CA006368AB /* Release */ = {
			isa = XCBuildConfiguration;
			buildSettings = {
				BUNDLE_LOADER = "$(TEST_HOST)";
				CODE_SIGN_STYLE = Automatic;
				INFOPLIST_FILE = PKPlazaTests/Info.plist;
				LD_RUNPATH_SEARCH_PATHS = (
					"$(inherited)",
					"@executable_path/Frameworks",
					"@loader_path/Frameworks",
				);
				PRODUCT_BUNDLE_IDENTIFIER = "-.PKPlazaTests";
				PRODUCT_NAME = "$(TARGET_NAME)";
				TARGETED_DEVICE_FAMILY = "1,2";
				TEST_HOST = "$(BUILT_PRODUCTS_DIR)/PKPlaza.app/PKPlaza";
			};
			name = Release;
		};
		735A5218211439CA006368AB /* Debug */ = {
			isa = XCBuildConfiguration;
			buildSettings = {
				CODE_SIGN_STYLE = Automatic;
				INFOPLIST_FILE = PKPlazaUITests/Info.plist;
				LD_RUNPATH_SEARCH_PATHS = (
					"$(inherited)",
					"@executable_path/Frameworks",
					"@loader_path/Frameworks",
				);
				PRODUCT_BUNDLE_IDENTIFIER = "-.PKPlazaUITests";
				PRODUCT_NAME = "$(TARGET_NAME)";
				TARGETED_DEVICE_FAMILY = "1,2";
				TEST_TARGET_NAME = PKPlaza;
			};
			name = Debug;
		};
		735A5219211439CA006368AB /* Release */ = {
			isa = XCBuildConfiguration;
			buildSettings = {
				CODE_SIGN_STYLE = Automatic;
				INFOPLIST_FILE = PKPlazaUITests/Info.plist;
				LD_RUNPATH_SEARCH_PATHS = (
					"$(inherited)",
					"@executable_path/Frameworks",
					"@loader_path/Frameworks",
				);
				PRODUCT_BUNDLE_IDENTIFIER = "-.PKPlazaUITests";
				PRODUCT_NAME = "$(TARGET_NAME)";
				TARGETED_DEVICE_FAMILY = "1,2";
				TEST_TARGET_NAME = PKPlaza;
			};
			name = Release;
		};
/* End XCBuildConfiguration section */

/* Begin XCConfigurationList section */
		735A51E0211439C6006368AB /* Build configuration list for PBXProject "PKPlaza" */ = {
			isa = XCConfigurationList;
			buildConfigurations = (
				735A520F211439CA006368AB /* Debug */,
				735A5210211439CA006368AB /* Release */,
			);
			defaultConfigurationIsVisible = 0;
			defaultConfigurationName = Release;
		};
		735A5211211439CA006368AB /* Build configuration list for PBXNativeTarget "PKPlaza" */ = {
			isa = XCConfigurationList;
			buildConfigurations = (
				735A5212211439CA006368AB /* Debug */,
				735A5213211439CA006368AB /* Release */,
			);
			defaultConfigurationIsVisible = 0;
			defaultConfigurationName = Release;
		};
		735A5214211439CA006368AB /* Build configuration list for PBXNativeTarget "PKPlazaTests" */ = {
			isa = XCConfigurationList;
			buildConfigurations = (
				735A5215211439CA006368AB /* Debug */,
				735A5216211439CA006368AB /* Release */,
			);
			defaultConfigurationIsVisible = 0;
			defaultConfigurationName = Release;
		};
		735A5217211439CA006368AB /* Build configuration list for PBXNativeTarget "PKPlazaUITests" */ = {
			isa = XCConfigurationList;
			buildConfigurations = (
				735A5218211439CA006368AB /* Debug */,
				735A5219211439CA006368AB /* Release */,
			);
			defaultConfigurationIsVisible = 0;
			defaultConfigurationName = Release;
		};
/* End XCConfigurationList section */
	};
	rootObject = 735A51DD211439C6006368AB /* Project object */;
}
